
Microsoft Visual Studio Solution File, Format Version 11.00
# Visual Studio 2010
Project("{FAE04EC0-301F-11D3-BF4B-00C04F79EFBC}") = "UnityiOSDemo", "Assembly-CSharp.csproj", "{7764EA4A-D764-98BF-28BB-315DCF5DE8DC}"
EndProject
Global
	GlobalSection(SolutionConfigurationPlatforms) = preSolution
		Debug|Any CPU = Debug|Any CPU
		Release|Any CPU = Release|Any CPU
	EndGlobalSection
	GlobalSection(ProjectConfigurationPlatforms) = postSolution
		{7764EA4A-D764-98BF-28BB-315DCF5DE8DC}.Debug|Any CPU.ActiveCfg = Debug|Any CPU
		{7764EA4A-D764-98BF-28BB-315DCF5DE8DC}.Debug|Any CPU.Build.0 = Debug|Any CPU
		{7764EA4A-D764-98BF-28BB-315DCF5DE8DC}.Release|Any CPU.ActiveCfg = Release|Any CPU
		{7764EA4A-D764-98BF-28BB-315DCF5DE8DC}.Release|Any CPU.Build.0 = Release|Any CPU
	EndGlobalSection
	GlobalSection(SolutionProperties) = preSolution
		HideSolutionNode = FALSE
	EndGlobalSection
	GlobalSection(MonoDevelopProperties) = preSolution
		StartupItem = Assembly-CSharp.csproj
	EndGlobalSection
EndGlobal
